
Microsoft Visual Studio Solution File, Format Version 12.00
# Visual Studio Version 17
VisualStudioVersion = 17.9.34622.214
MinimumVisualStudioVersion = 10.0.40219.1
Project("{888888A0-9F3D-457C-B088-3A5042F75D52}") = "Largest ABC", "Largest ABC.pyproj", "{17EC1586-9D3D-48B7-B457-4E96C036BE84}"
EndProject
Global
	GlobalSection(SolutionConfigurationPlatforms) = preSolution
		Debug|Any CPU = Debug|Any CPU
		Release|Any CPU = Release|Any CPU
	EndGlobalSection
	GlobalSection(ProjectConfigurationPlatforms) = postSolution
		{17EC1586-9D3D-48B7-B457-4E96C036BE84}.Debug|Any CPU.ActiveCfg = Debug|Any CPU
		{17EC1586-9D3D-48B7-B457-4E96C036BE84}.Release|Any CPU.ActiveCfg = Release|Any CPU
	EndGlobalSection
	GlobalSection(SolutionProperties) = preSolution
		HideSolutionNode = FALSE
	EndGlobalSection
	GlobalSection(ExtensibilityGlobals) = postSolution
		SolutionGuid = {507F9E2A-DCC6-424F-BF6B-C84477202C12}
	EndGlobalSection
EndGlobal
